// !$*UTF8*$!
{
	archiveVersion = 1;
	classes = {
	};
	objectVersion = 56;
	objects = {

/* Begin PBXBuildFile section */
		A10000010000000000000001 /* AlfaDPFApp.swift in Sources */ = {isa = PBXBuildFile; fileRef = A10000110000000000000001 /* AlfaDPFApp.swift */; };
		A10000010000000000000002 /* AlertService.swift in Sources */ = {isa = PBXBuildFile; fileRef = A10000110000000000000002 /* AlertService.swift */; };
		A10000010000000000000003 /* CarPlaySceneDelegate.swift in Sources */ = {isa = PBXBuildFile; fileRef = A10000110000000000000003 /* CarPlaySceneDelegate.swift */; };
		A10000010000000000000004 /* DPFMonitor.swift in Sources */ = {isa = PBXBuildFile; fileRef = A10000110000000000000004 /* DPFMonitor.swift */; };
		A10000010000000000000005 /* ELM327.swift in Sources */ = {isa = PBXBuildFile; fileRef = A10000110000000000000005 /* ELM327.swift */; };
		A10000010000000000000006 /* Models.swift in Sources */ = {isa = PBXBuildFile; fileRef = A10000110000000000000006 /* Models.swift */; };
		A10000010000000000000007 /* OBDConnection.swift in Sources */ = {isa = PBXBuildFile; fileRef = A10000110000000000000007 /* OBDConnection.swift */; };
		A10000010000000000000008 /* Assets.xcassets in Resources */ = {isa = PBXBuildFile; fileRef = A1000011000000000000000B /* Assets.xcassets */; };
		A10000010000000000000009 /* Mode01.swift in Sources */ = {isa = PBXBuildFile; fileRef = A1000011000000000000000C /* Mode01.swift */; };
		A1000001000000000000000A /* MonitorSession.swift in Sources */ = {isa = PBXBuildFile; fileRef = A1000011000000000000000D /* MonitorSession.swift */; };
/* End PBXBuildFile section */

/* Begin PBXFileReference section */
		A10000110000000000000001 /* AlfaDPFApp.swift */ = {isa = PBXFileReference; lastKnownFileType = sourcecode.swift; path = AlfaDPFApp.swift; sourceTree = "<group>"; };
		A10000110000000000000002 /* AlertService.swift */ = {isa = PBXFileReference; lastKnownFileType = sourcecode.swift; path = AlertService.swift; sourceTree = "<group>"; };
		A10000110000000000000003 /* CarPlaySceneDelegate.swift */ = {isa = PBXFileReference; lastKnownFileType = sourcecode.swift; path = CarPlaySceneDelegate.swift; sourceTree = "<group>"; };
		A10000110000000000000004 /* DPFMonitor.swift */ = {isa = PBXFileReference; lastKnownFileType = sourcecode.swift; path = DPFMonitor.swift; sourceTree = "<group>"; };
		A10000110000000000000005 /* ELM327.swift */ = {isa = PBXFileReference; lastKnownFileType = sourcecode.swift; path = ELM327.swift; sourceTree = "<group>"; };
		A10000110000000000000006 /* Models.swift */ = {isa = PBXFileReference; lastKnownFileType = sourcecode.swift; path = Models.swift; sourceTree = "<group>"; };
		A10000110000000000000007 /* OBDConnection.swift */ = {isa = PBXFileReference; lastKnownFileType = sourcecode.swift; path = OBDConnection.swift; sourceTree = "<group>"; };
		A10000110000000000000008 /* Info.plist */ = {isa = PBXFileReference; lastKnownFileType = text.plist.xml; path = Info.plist; sourceTree = "<group>"; };
		A10000110000000000000009 /* AlfaDPF.entitlements */ = {isa = PBXFileReference; lastKnownFileType = text.plist.entitlements; path = AlfaDPF.entitlements; sourceTree = "<group>"; };
		A1000011000000000000000A /* AlfaDPF.app */ = {isa = PBXFileReference; explicitFileType = wrapper.application; includeInIndex = 0; path = AlfaDPF.app; sourceTree = BUILT_PRODUCTS_DIR; };
		A1000011000000000000000B /* Assets.xcassets */ = {isa = PBXFileReference; lastKnownFileType = folder.assetcatalog; path = Assets.xcassets; sourceTree = "<group>"; };
		A1000011000000000000000C /* Mode01.swift */ = {isa = PBXFileReference; lastKnownFileType = sourcecode.swift; path = Mode01.swift; sourceTree = "<group>"; };
		A1000011000000000000000D /* MonitorSession.swift */ = {isa = PBXFileReference; lastKnownFileType = sourcecode.swift; path = MonitorSession.swift; sourceTree = "<group>"; };
/* End PBXFileReference section */

/* Begin PBXFrameworksBuildPhase section */
		A10000210000000000000001 /* Frameworks */ = {
			isa = PBXFrameworksBuildPhase;
			buildActionMask = 2147483647;
			files = (
			);
			runOnlyForDeploymentPostprocessing = 0;
		};
/* End PBXFrameworksBuildPhase section */

/* Begin PBXGroup section */
		A10000310000000000000001 = {
			isa = PBXGroup;
			children = (
				A10000310000000000000002 /* Sources */,
				A10000310000000000000003 /* App */,
				A10000310000000000000004 /* Products */,
			);
			sourceTree = "<group>";
		};
		A10000310000000000000002 /* Sources */ = {
			isa = PBXGroup;
			children = (
				A10000110000000000000001 /* AlfaDPFApp.swift */,
				A10000110000000000000002 /* AlertService.swift */,
				A10000110000000000000003 /* CarPlaySceneDelegate.swift */,
				A10000110000000000000004 /* DPFMonitor.swift */,
				A10000110000000000000005 /* ELM327.swift */,
				A10000110000000000000006 /* Models.swift */,
				A10000110000000000000007 /* OBDConnection.swift */,
				A1000011000000000000000C /* Mode01.swift */,
				A1000011000000000000000D /* MonitorSession.swift */,
			);
			path = Sources;
			sourceTree = "<group>";
		};
		A10000310000000000000003 /* App */ = {
			isa = PBXGroup;
			children = (
				A10000110000000000000008 /* Info.plist */,
				A10000110000000000000009 /* AlfaDPF.entitlements */,
				A1000011000000000000000B /* Assets.xcassets */,
			);
			path = App;
			sourceTree = "<group>";
		};
		A10000310000000000000004 /* Products */ = {
			isa = PBXGroup;
			children = (
				A1000011000000000000000A /* AlfaDPF.app */,
			);
			name = Products;
			sourceTree = "<group>";
		};
/* End PBXGroup section */

/* Begin PBXNativeTarget section */
		A10000410000000000000001 /* AlfaDPF */ = {
			isa = PBXNativeTarget;
			buildConfigurationList = A10000510000000000000001 /* Build configuration list for PBXNativeTarget "AlfaDPF" */;
			buildPhases = (
				A10000610000000000000001 /* Sources */,
				A10000210000000000000001 /* Frameworks */,
				A10000710000000000000001 /* Resources */,
			);
			buildRules = (
			);
			dependencies = (
			);
			name = AlfaDPF;
			productName = AlfaDPF;
			productReference = A1000011000000000000000A /* AlfaDPF.app */;
			productType = "com.apple.product-type.application";
		};
/* End PBXNativeTarget section */

/* Begin PBXProject section */
		A10000810000000000000001 /* Project object */ = {
			isa = PBXProject;
			attributes = {
				BuildIndependentTargetsInParallel = 1;
				LastSwiftUpdateCheck = 1600;
				LastUpgradeCheck = 1600;
				TargetAttributes = {
					A10000410000000000000001 = {
						CreatedOnToolsVersion = 16.0;
						ProvisioningStyle = Automatic;
					};
				};
			};
			buildConfigurationList = A10000510000000000000002 /* Build configuration list for PBXProject "AlfaDPF" */;
			compatibilityVersion = "Xcode 14.0";
			developmentRegion = en;
			hasScannedForEncodings = 0;
			knownRegions = (
				en,
				Base,
			);
			mainGroup = A10000310000000000000001;
			productRefGroup = A10000310000000000000004 /* Products */;
			projectDirPath = "";
			projectRoot = "";
			targets = (
				A10000410000000000000001 /* AlfaDPF */,
			);
		};
/* End PBXProject section */

/* Begin PBXResourcesBuildPhase section */
		A10000710000000000000001 /* Resources */ = {
			isa = PBXResourcesBuildPhase;
			buildActionMask = 2147483647;
			files = (
				A10000010000000000000008 /* Assets.xcassets in Resources */,
			);
			runOnlyForDeploymentPostprocessing = 0;
		};
/* End PBXResourcesBuildPhase section */

/* Begin PBXSourcesBuildPhase section */
		A10000610000000000000001 /* Sources */ = {
			isa = PBXSourcesBuildPhase;
			buildActionMask = 2147483647;
			files = (
				A10000010000000000000001 /* AlfaDPFApp.swift in Sources */,
				A10000010000000000000002 /* AlertService.swift in Sources */,
				A10000010000000000000003 /* CarPlaySceneDelegate.swift in Sources */,
				A10000010000000000000004 /* DPFMonitor.swift in Sources */,
				A10000010000000000000005 /* ELM327.swift in Sources */,
				A10000010000000000000006 /* Models.swift in Sources */,
				A10000010000000000000007 /* OBDConnection.swift in Sources */,
				A10000010000000000000009 /* Mode01.swift in Sources */,
				A1000001000000000000000A /* MonitorSession.swift in Sources */,
			);
			runOnlyForDeploymentPostprocessing = 0;
		};
/* End PBXSourcesBuildPhase section */

/* Begin XCBuildConfiguration section */
		A10000910000000000000001 /* Debug */ = {
			isa = XCBuildConfiguration;
			buildSettings = {
				ALWAYS_SEARCH_USER_PATHS = NO;
				CLANG_ENABLE_MODULES = YES;
				CLANG_ENABLE_OBJC_ARC = YES;
				COPY_PHASE_STRIP = NO;
				DEBUG_INFORMATION_FORMAT = dwarf;
				ENABLE_STRICT_OBJC_MSGSEND = YES;
				GCC_C_LANGUAGE_STANDARD = gnu17;
				GCC_NO_COMMON_BLOCKS = YES;
				GCC_WARN_64_TO_32_BIT_CONVERSION = YES;
				GCC_WARN_ABOUT_RETURN_TYPE = YES_ERROR;
				GCC_WARN_UNDECLARED_SELECTOR = YES;
				GCC_WARN_UNINITIALIZED_AUTOS = YES_AGGRESSIVE;
				GCC_WARN_UNUSED_FUNCTION = YES;
				GCC_WARN_UNUSED_VARIABLE = YES;
				IPHONEOS_DEPLOYMENT_TARGET = 17.0;
				MTL_ENABLE_DEBUG_INFO = INCLUDE_SOURCE;
				ONLY_ACTIVE_ARCH = YES;
				SDKROOT = iphoneos;
				SWIFT_ACTIVE_COMPILATION_CONDITIONS = DEBUG;
				SWIFT_OPTIMIZATION_LEVEL = "-Onone";
			};
			name = Debug;
		};
		A10000910000000000000002 /* Release */ = {
			isa = XCBuildConfiguration;
			buildSettings = {
				ALWAYS_SEARCH_USER_PATHS = NO;
				CLANG_ENABLE_MODULES = YES;
				CLANG_ENABLE_OBJC_ARC = YES;
				COPY_PHASE_STRIP = NO;
				DEBUG_INFORMATION_FORMAT = "dwarf-with-dsym";
				ENABLE_NS_ASSERTIONS = NO;
				ENABLE_STRICT_OBJC_MSGSEND = YES;
				GCC_C_LANGUAGE_STANDARD = gnu17;
				GCC_NO_COMMON_BLOCKS = YES;
				GCC_WARN_64_TO_32_BIT_CONVERSION = YES;
				GCC_WARN_ABOUT_RETURN_TYPE = YES_ERROR;
				GCC_WARN_UNDECLARED_SELECTOR = YES;
				GCC_WARN_UNINITIALIZED_AUTOS = YES_AGGRESSIVE;
				GCC_WARN_UNUSED_FUNCTION = YES;
				GCC_WARN_UNUSED_VARIABLE = YES;
				IPHONEOS_DEPLOYMENT_TARGET = 17.0;
				MTL_ENABLE_DEBUG_INFO = NO;
				SDKROOT = iphoneos;
				SWIFT_COMPILATION_MODE = wholemodule;
				VALIDATE_PRODUCT = YES;
			};
			name = Release;
		};
		A10000910000000000000003 /* Debug */ = {
			isa = XCBuildConfiguration;
			buildSettings = {
				ASSETCATALOG_COMPILER_APPICON_NAME = AppIcon;
				ASSETCATALOG_COMPILER_GENERATE_SWIFT_ASSET_SYMBOL_EXTENSIONS = NO;
				CODE_SIGN_STYLE = Automatic;
				CURRENT_PROJECT_VERSION = 1;
				DEVELOPMENT_TEAM = "";
				ENABLE_PREVIEWS = YES;
				GENERATE_INFOPLIST_FILE = NO;
				INFOPLIST_FILE = App/Info.plist;
				LD_RUNPATH_SEARCH_PATHS = (
					"$(inherited)",
					"@executable_path/Frameworks",
				);
				MARKETING_VERSION = 0.1.0;
				PRODUCT_BUNDLE_IDENTIFIER = com.example.AlfaDPF;
				PRODUCT_NAME = "$(TARGET_NAME)";
				SUPPORTED_PLATFORMS = "iphoneos iphonesimulator";
				SWIFT_EMIT_LOC_STRINGS = YES;
				SWIFT_VERSION = 5.0;
				TARGETED_DEVICE_FAMILY = 1;
			};
			name = Debug;
		};
		A10000910000000000000004 /* Release */ = {
			isa = XCBuildConfiguration;
			buildSettings = {
				ASSETCATALOG_COMPILER_APPICON_NAME = AppIcon;
				ASSETCATALOG_COMPILER_GENERATE_SWIFT_ASSET_SYMBOL_EXTENSIONS = NO;
				CODE_SIGN_STYLE = Automatic;
				CURRENT_PROJECT_VERSION = 1;
				DEVELOPMENT_TEAM = "";
				GENERATE_INFOPLIST_FILE = NO;
				INFOPLIST_FILE = App/Info.plist;
				LD_RUNPATH_SEARCH_PATHS = (
					"$(inherited)",
					"@executable_path/Frameworks",
				);
				MARKETING_VERSION = 0.1.0;
				PRODUCT_BUNDLE_IDENTIFIER = com.example.AlfaDPF;
				PRODUCT_NAME = "$(TARGET_NAME)";
				SUPPORTED_PLATFORMS = "iphoneos iphonesimulator";
				SWIFT_EMIT_LOC_STRINGS = YES;
				SWIFT_VERSION = 5.0;
				TARGETED_DEVICE_FAMILY = 1;
			};
			name = Release;
		};
/* End XCBuildConfiguration section */

/* Begin XCConfigurationList section */
		A10000510000000000000001 /* Build configuration list for PBXNativeTarget "AlfaDPF" */ = {
			isa = XCConfigurationList;
			buildConfigurations = (
				A10000910000000000000003 /* Debug */,
				A10000910000000000000004 /* Release */,
			);
			defaultConfigurationIsVisible = 0;
			defaultConfigurationName = Release;
		};
		A10000510000000000000002 /* Build configuration list for PBXProject "AlfaDPF" */ = {
			isa = XCConfigurationList;
			buildConfigurations = (
				A10000910000000000000001 /* Debug */,
				A10000910000000000000002 /* Release */,
			);
			defaultConfigurationIsVisible = 0;
			defaultConfigurationName = Release;
		};
/* End XCConfigurationList section */
	};
	rootObject = A10000810000000000000001 /* Project object */;
}
